// !$*UTF8*$!
{
	archiveVersion = 1;
	classes = {
	};
	objectVersion = 56;
	objects = {

/* Begin PBXBuildFile section */
		218A82072C798CB10096A0F1 /* currentTimeSwiftUIApp.swift in Sources */ = {isa = PBXBuildFile; fileRef = 218A82062C798CB10096A0F1 /* currentTimeSwiftUIApp.swift */; };
		218A82092C798CB10096A0F1 /* ContentView.swift in Sources */ = {isa = PBXBuildFile; fileRef = 218A82082C798CB10096A0F1 /* ContentView.swift */; };
		218A820B2C798CB40096A0F1 /* Assets.xcassets in Resources */ = {isa = PBXBuildFile; fileRef = 218A820A2C798CB40096A0F1 /* Assets.xcassets */; };
		218A820E2C798CB40096A0F1 /* Preview Assets.xcassets in Resources */ = {isa = PBXBuildFile; fileRef = 218A820D2C798CB40096A0F1 /* Preview Assets.xcassets */; };
		218A82182C798CB40096A0F1 /* currentTimeSwiftUITests.swift in Sources */ = {isa = PBXBuildFile; fileRef = 218A82172C798CB40096A0F1 /* currentTimeSwiftUITests.swift */; };
		218A82222C798CB40096A0F1 /* currentTimeSwiftUIUITests.swift in Sources */ = {isa = PBXBuildFile; fileRef = 218A82212C798CB40096A0F1 /* currentTimeSwiftUIUITests.swift */; };
		218A82242C798CB40096A0F1 /* currentTimeSwiftUIUITestsLaunchTests.swift in Sources */ = {isa = PBXBuildFile; fileRef = 218A82232C798CB40096A0F1 /* currentTimeSwiftUIUITestsLaunchTests.swift */; };
		218A82322C798CD10096A0F1 /* ListScreen.swift in Sources */ = {isa = PBXBuildFile; fileRef = 218A82312C798CD10096A0F1 /* ListScreen.swift */; };
		218A82372C798CFB0096A0F1 /* Webservice.swift in Sources */ = {isa = PBXBuildFile; fileRef = 218A82362C798CFB0096A0F1 /* Webservice.swift */; };
		218A82392C798D100096A0F1 /* CurrentDateModel.swift in Sources */ = {isa = PBXBuildFile; fileRef = 218A82382C798D100096A0F1 /* CurrentDateModel.swift */; };
		218A823B2C79930D0096A0F1 /* CurrentDateListViewModel.swift in Sources */ = {isa = PBXBuildFile; fileRef = 218A823A2C79930D0096A0F1 /* CurrentDateListViewModel.swift */; };
		218A823D2C79944F0096A0F1 /* ApiRequestBuilder.swift in Sources */ = {isa = PBXBuildFile; fileRef = 218A823C2C79944F0096A0F1 /* ApiRequestBuilder.swift */; };
/* End PBXBuildFile section */

/* Begin PBXContainerItemProxy section */
		218A82142C798CB40096A0F1 /* PBXContainerItemProxy */ = {
			isa = PBXContainerItemProxy;
			containerPortal = 218A81FB2C798CB10096A0F1 /* Project object */;
			proxyType = 1;
			remoteGlobalIDString = 218A82022C798CB10096A0F1;
			remoteInfo = currentTimeSwiftUI;
		};
		218A821E2C798CB40096A0F1 /* PBXContainerItemProxy */ = {
			isa = PBXContainerItemProxy;
			containerPortal = 218A81FB2C798CB10096A0F1 /* Project object */;
			proxyType = 1;
			remoteGlobalIDString = 218A82022C798CB10096A0F1;
			remoteInfo = currentTimeSwiftUI;
		};
/* End PBXContainerItemProxy section */

/* Begin PBXFileReference section */
		218A82032C798CB10096A0F1 /* currentTimeSwiftUI.app */ = {isa = PBXFileReference; explicitFileType = wrapper.application; includeInIndex = 0; path = currentTimeSwiftUI.app; sourceTree = BUILT_PRODUCTS_DIR; };
		218A82062C798CB10096A0F1 /* currentTimeSwiftUIApp.swift */ = {isa = PBXFileReference; lastKnownFileType = sourcecode.swift; path = currentTimeSwiftUIApp.swift; sourceTree = "<group>"; };
		218A82082C798CB10096A0F1 /* ContentView.swift */ = {isa = PBXFileReference; lastKnownFileType = sourcecode.swift; path = ContentView.swift; sourceTree = "<group>"; };
		218A820A2C798CB40096A0F1 /* Assets.xcassets */ = {isa = PBXFileReference; lastKnownFileType = folder.assetcatalog; path = Assets.xcassets; sourceTree = "<group>"; };
		218A820D2C798CB40096A0F1 /* Preview Assets.xcassets */ = {isa = PBXFileReference; lastKnownFileType = folder.assetcatalog; path = "Preview Assets.xcassets"; sourceTree = "<group>"; };
		218A82132C798CB40096A0F1 /* currentTimeSwiftUITests.xctest */ = {isa = PBXFileReference; explicitFileType = wrapper.cfbundle; includeInIndex = 0; path = currentTimeSwiftUITests.xctest; sourceTree = BUILT_PRODUCTS_DIR; };
		218A82172C798CB40096A0F1 /* currentTimeSwiftUITests.swift */ = {isa = PBXFileReference; lastKnownFileType = sourcecode.swift; path = currentTimeSwiftUITests.swift; sourceTree = "<group>"; };
		218A821D2C798CB40096A0F1 /* currentTimeSwiftUIUITests.xctest */ = {isa = PBXFileReference; explicitFileType = wrapper.cfbundle; includeInIndex = 0; path = currentTimeSwiftUIUITests.xctest; sourceTree = BUILT_PRODUCTS_DIR; };
		218A82212C798CB40096A0F1 /* currentTimeSwiftUIUITests.swift */ = {isa = PBXFileReference; lastKnownFileType = sourcecode.swift; path = currentTimeSwiftUIUITests.swift; sourceTree = "<group>"; };
		218A82232C798CB40096A0F1 /* currentTimeSwiftUIUITestsLaunchTests.swift */ = {isa = PBXFileReference; lastKnownFileType = sourcecode.swift; path = currentTimeSwiftUIUITestsLaunchTests.swift; sourceTree = "<group>"; };
		218A82312C798CD10096A0F1 /* ListScreen.swift */ = {isa = PBXFileReference; lastKnownFileType = sourcecode.swift; path = ListScreen.swift; sourceTree = "<group>"; };
		218A82362C798CFB0096A0F1 /* Webservice.swift */ = {isa = PBXFileReference; lastKnownFileType = sourcecode.swift; path = Webservice.swift; sourceTree = "<group>"; };
		218A82382C798D100096A0F1 /* CurrentDateModel.swift */ = {isa = PBXFileReference; lastKnownFileType = sourcecode.swift; path = CurrentDateModel.swift; sourceTree = "<group>"; };
		218A823A2C79930D0096A0F1 /* CurrentDateListViewModel.swift */ = {isa = PBXFileReference; lastKnownFileType = sourcecode.swift; path = CurrentDateListViewModel.swift; sourceTree = "<group>"; };
		218A823C2C79944F0096A0F1 /* ApiRequestBuilder.swift */ = {isa = PBXFileReference; lastKnownFileType = sourcecode.swift; path = ApiRequestBuilder.swift; sourceTree = "<group>"; };
		218A823E2C7995B10096A0F1 /* Info.plist */ = {isa = PBXFileReference; lastKnownFileType = text.plist; path = Info.plist; sourceTree = "<group>"; };
/* End PBXFileReference section */

/* Begin PBXFrameworksBuildPhase section */
		218A82002C798CB10096A0F1 /* Frameworks */ = {
			isa = PBXFrameworksBuildPhase;
			buildActionMask = 2147483647;
			files = (
			);
			runOnlyForDeploymentPostprocessing = 0;
		};
		218A82102C798CB40096A0F1 /* Frameworks */ = {
			isa = PBXFrameworksBuildPhase;
			buildActionMask = 2147483647;
			files = (
			);
			runOnlyForDeploymentPostprocessing = 0;
		};
		218A821A2C798CB40096A0F1 /* Frameworks */ = {
			isa = PBXFrameworksBuildPhase;
			buildActionMask = 2147483647;
			files = (
			);
			runOnlyForDeploymentPostprocessing = 0;
		};
/* End PBXFrameworksBuildPhase section */

/* Begin PBXGroup section */
		218A81FA2C798CB10096A0F1 = {
			isa = PBXGroup;
			children = (
				218A82052C798CB10096A0F1 /* currentTimeSwiftUI */,
				218A82162C798CB40096A0F1 /* currentTimeSwiftUITests */,
				218A82202C798CB40096A0F1 /* currentTimeSwiftUIUITests */,
				218A82042C798CB10096A0F1 /* Products */,
			);
			sourceTree = "<group>";
		};
		218A82042C798CB10096A0F1 /* Products */ = {
			isa = PBXGroup;
			children = (
				218A82032C798CB10096A0F1 /* currentTimeSwiftUI.app */,
				218A82132C798CB40096A0F1 /* currentTimeSwiftUITests.xctest */,
				218A821D2C798CB40096A0F1 /* currentTimeSwiftUIUITests.xctest */,
			);
			name = Products;
			sourceTree = "<group>";
		};
		218A82052C798CB10096A0F1 /* currentTimeSwiftUI */ = {
			isa = PBXGroup;
			children = (
				218A823E2C7995B10096A0F1 /* Info.plist */,
				218A82062C798CB10096A0F1 /* currentTimeSwiftUIApp.swift */,
				218A82352C798CE80096A0F1 /* WebService */,
				218A82342C798CE10096A0F1 /* ViewModel */,
				218A82332C798CD80096A0F1 /* Model */,
				218A82302C798CBD0096A0F1 /* Screen */,
				218A820A2C798CB40096A0F1 /* Assets.xcassets */,
				218A820C2C798CB40096A0F1 /* Preview Content */,
			);
			path = currentTimeSwiftUI;
			sourceTree = "<group>";
		};
		218A820C2C798CB40096A0F1 /* Preview Content */ = {
			isa = PBXGroup;
			children = (
				218A820D2C798CB40096A0F1 /* Preview Assets.xcassets */,
			);
			path = "Preview Content";
			sourceTree = "<group>";
		};
		218A82162C798CB40096A0F1 /* currentTimeSwiftUITests */ = {
			isa = PBXGroup;
			children = (
				218A82172C798CB40096A0F1 /* currentTimeSwiftUITests.swift */,
			);
			path = currentTimeSwiftUITests;
			sourceTree = "<group>";
		};
		218A82202C798CB40096A0F1 /* currentTimeSwiftUIUITests */ = {
			isa = PBXGroup;
			children = (
				218A82212C798CB40096A0F1 /* currentTimeSwiftUIUITests.swift */,
				218A82232C798CB40096A0F1 /* currentTimeSwiftUIUITestsLaunchTests.swift */,
			);
			path = currentTimeSwiftUIUITests;
			sourceTree = "<group>";
		};
		218A82302C798CBD0096A0F1 /* Screen */ = {
			isa = PBXGroup;
			children = (
				218A82082C798CB10096A0F1 /* ContentView.swift */,
				218A82312C798CD10096A0F1 /* ListScreen.swift */,
			);
			path = Screen;
			sourceTree = "<group>";
		};
		218A82332C798CD80096A0F1 /* Model */ = {
			isa = PBXGroup;
			children = (
				218A82382C798D100096A0F1 /* CurrentDateModel.swift */,
			);
			path = Model;
			sourceTree = "<group>";
		};
		218A82342C798CE10096A0F1 /* ViewModel */ = {
			isa = PBXGroup;
			children = (
				218A823A2C79930D0096A0F1 /* CurrentDateListViewModel.swift */,
			);
			path = ViewModel;
			sourceTree = "<group>";
		};
		218A82352C798CE80096A0F1 /* WebService */ = {
			isa = PBXGroup;
			children = (
				218A82362C798CFB0096A0F1 /* Webservice.swift */,
				218A823C2C79944F0096A0F1 /* ApiRequestBuilder.swift */,
			);
			path = WebService;
			sourceTree = "<group>";
		};
/* End PBXGroup section */

/* Begin PBXNativeTarget section */
		218A82022C798CB10096A0F1 /* currentTimeSwiftUI */ = {
			isa = PBXNativeTarget;
			buildConfigurationList = 218A82272C798CB40096A0F1 /* Build configuration list for PBXNativeTarget "currentTimeSwiftUI" */;
			buildPhases = (
				218A81FF2C798CB10096A0F1 /* Sources */,
				218A82002C798CB10096A0F1 /* Frameworks */,
				218A82012C798CB10096A0F1 /* Resources */,
			);
			buildRules = (
			);
			dependencies = (
			);
			name = currentTimeSwiftUI;
			productName = currentTimeSwiftUI;
			productReference = 218A82032C798CB10096A0F1 /* currentTimeSwiftUI.app */;
			productType = "com.apple.product-type.application";
		};
		218A82122C798CB40096A0F1 /* currentTimeSwiftUITests */ = {
			isa = PBXNativeTarget;
			buildConfigurationList = 218A822A2C798CB40096A0F1 /* Build configuration list for PBXNativeTarget "currentTimeSwiftUITests" */;
			buildPhases = (
				218A820F2C798CB40096A0F1 /* Sources */,
				218A82102C798CB40096A0F1 /* Frameworks */,
				218A82112C798CB40096A0F1 /* Resources */,
			);
			buildRules = (
			);
			dependencies = (
				218A82152C798CB40096A0F1 /* PBXTargetDependency */,
			);
			name = currentTimeSwiftUITests;
			productName = currentTimeSwiftUITests;
			productReference = 218A82132C798CB40096A0F1 /* currentTimeSwiftUITests.xctest */;
			productType = "com.apple.product-type.bundle.unit-test";
		};
		218A821C2C798CB40096A0F1 /* currentTimeSwiftUIUITests */ = {
			isa = PBXNativeTarget;
			buildConfigurationList = 218A822D2C798CB40096A0F1 /* Build configuration list for PBXNativeTarget "currentTimeSwiftUIUITests" */;
			buildPhases = (
				218A82192C798CB40096A0F1 /* Sources */,
				218A821A2C798CB40096A0F1 /* Frameworks */,
				218A821B2C798CB40096A0F1 /* Resources */,
			);
			buildRules = (
			);
			dependencies = (
				218A821F2C798CB40096A0F1 /* PBXTargetDependency */,
			);
			name = currentTimeSwiftUIUITests;
			productName = currentTimeSwiftUIUITests;
			productReference = 218A821D2C798CB40096A0F1 /* currentTimeSwiftUIUITests.xctest */;
			productType = "com.apple.product-type.bundle.ui-testing";
		};
/* End PBXNativeTarget section */

/* Begin PBXProject section */
		218A81FB2C798CB10096A0F1 /* Project object */ = {
			isa = PBXProject;
			attributes = {
				BuildIndependentTargetsInParallel = 1;
				LastSwiftUpdateCheck = 1500;
				LastUpgradeCheck = 1500;
				TargetAttributes = {
					218A82022C798CB10096A0F1 = {
						CreatedOnToolsVersion = 15.0.1;
					};
					218A82122C798CB40096A0F1 = {
						CreatedOnToolsVersion = 15.0.1;
						TestTargetID = 218A82022C798CB10096A0F1;
					};
					218A821C2C798CB40096A0F1 = {
						CreatedOnToolsVersion = 15.0.1;
						TestTargetID = 218A82022C798CB10096A0F1;
					};
				};
			};
			buildConfigurationList = 218A81FE2C798CB10096A0F1 /* Build configuration list for PBXProject "currentTimeSwiftUI" */;
			compatibilityVersion = "Xcode 14.0";
			developmentRegion = en;
			hasScannedForEncodings = 0;
			knownRegions = (
				en,
				Base,
			);
			mainGroup = 218A81FA2C798CB10096A0F1;
			productRefGroup = 218A82042C798CB10096A0F1 /* Products */;
			projectDirPath = "";
			projectRoot = "";
			targets = (
				218A82022C798CB10096A0F1 /* currentTimeSwiftUI */,
				218A82122C798CB40096A0F1 /* currentTimeSwiftUITests */,
				218A821C2C798CB40096A0F1 /* currentTimeSwiftUIUITests */,
			);
		};
/* End PBXProject section */

/* Begin PBXResourcesBuildPhase section */
		218A82012C798CB10096A0F1 /* Resources */ = {
			isa = PBXResourcesBuildPhase;
			buildActionMask = 2147483647;
			files = (
				218A820E2C798CB40096A0F1 /* Preview Assets.xcassets in Resources */,
				218A820B2C798CB40096A0F1 /* Assets.xcassets in Resources */,
			);
			runOnlyForDeploymentPostprocessing = 0;
		};
		218A82112C798CB40096A0F1 /* Resources */ = {
			isa = PBXResourcesBuildPhase;
			buildActionMask = 2147483647;
			files = (
			);
			runOnlyForDeploymentPostprocessing = 0;
		};
		218A821B2C798CB40096A0F1 /* Resources */ = {
			isa = PBXResourcesBuildPhase;
			buildActionMask = 2147483647;
			files = (
			);
			runOnlyForDeploymentPostprocessing = 0;
		};
/* End PBXResourcesBuildPhase section */

/* Begin PBXSourcesBuildPhase section */
		218A81FF2C798CB10096A0F1 /* Sources */ = {
			isa = PBXSourcesBuildPhase;
			buildActionMask = 2147483647;
			files = (
				218A82392C798D100096A0F1 /* CurrentDateModel.swift in Sources */,
				218A82092C798CB10096A0F1 /* ContentView.swift in Sources */,
				218A82322C798CD10096A0F1 /* ListScreen.swift in Sources */,
				218A82372C798CFB0096A0F1 /* Webservice.swift in Sources */,
				218A823B2C79930D0096A0F1 /* CurrentDateListViewModel.swift in Sources */,
				218A82072C798CB10096A0F1 /* currentTimeSwiftUIApp.swift in Sources */,
				218A823D2C79944F0096A0F1 /* ApiRequestBuilder.swift in Sources */,
			);
			runOnlyForDeploymentPostprocessing = 0;
		};
		218A820F2C798CB40096A0F1 /* Sources */ = {
			isa = PBXSourcesBuildPhase;
			buildActionMask = 2147483647;
			files = (
				218A82182C798CB40096A0F1 /* currentTimeSwiftUITests.swift in Sources */,
			);
			runOnlyForDeploymentPostprocessing = 0;
		};
		218A82192C798CB40096A0F1 /* Sources */ = {
			isa = PBXSourcesBuildPhase;
			buildActionMask = 2147483647;
			files = (
				218A82222C798CB40096A0F1 /* currentTimeSwiftUIUITests.swift in Sources */,
				218A82242C798CB40096A0F1 /* currentTimeSwiftUIUITestsLaunchTests.swift in Sources */,
			);
			runOnlyForDeploymentPostprocessing = 0;
		};
/* End PBXSourcesBuildPhase section */

/* Begin PBXTargetDependency section */
		218A82152C798CB40096A0F1 /* PBXTargetDependency */ = {
			isa = PBXTargetDependency;
			target = 218A82022C798CB10096A0F1 /* currentTimeSwiftUI */;
			targetProxy = 218A82142C798CB40096A0F1 /* PBXContainerItemProxy */;
		};
		218A821F2C798CB40096A0F1 /* PBXTargetDependency */ = {
			isa = PBXTargetDependency;
			target = 218A82022C798CB10096A0F1 /* currentTimeSwiftUI */;
			targetProxy = 218A821E2C798CB40096A0F1 /* PBXContainerItemProxy */;
		};
/* End PBXTargetDependency section */

/* Begin XCBuildConfiguration section */
		218A82252C798CB40096A0F1 /* Debug */ = {
			isa = XCBuildConfiguration;
			buildSettings = {
				ALWAYS_SEARCH_USER_PATHS = NO;
				ASSETCATALOG_COMPILER_GENERATE_SWIFT_ASSET_SYMBOL_EXTENSIONS = YES;
				CLANG_ANALYZER_NONNULL = YES;
				CLANG_ANALYZER_NUMBER_OBJECT_CONVERSION = YES_AGGRESSIVE;
				CLANG_CXX_LANGUAGE_STANDARD = "gnu++20";
				CLANG_ENABLE_MODULES = YES;
				CLANG_ENABLE_OBJC_ARC = YES;
				CLANG_ENABLE_OBJC_WEAK = YES;
				CLANG_WARN_BLOCK_CAPTURE_AUTORELEASING = YES;
				CLANG_WARN_BOOL_CONVERSION = YES;
				CLANG_WARN_COMMA = YES;
				CLANG_WARN_CONSTANT_CONVERSION = YES;
				CLANG_WARN_DEPRECATED_OBJC_IMPLEMENTATIONS = YES;
				CLANG_WARN_DIRECT_OBJC_ISA_USAGE = YES_ERROR;
				CLANG_WARN_DOCUMENTATION_COMMENTS = YES;
				CLANG_WARN_EMPTY_BODY = YES;
				CLANG_WARN_ENUM_CONVERSION = YES;
				CLANG_WARN_INFINITE_RECURSION = YES;
				CLANG_WARN_INT_CONVERSION = YES;
				CLANG_WARN_NON_LITERAL_NULL_CONVERSION = YES;
				CLANG_WARN_OBJC_IMPLICIT_RETAIN_SELF = YES;
				CLANG_WARN_OBJC_LITERAL_CONVERSION = YES;
				CLANG_WARN_OBJC_ROOT_CLASS = YES_ERROR;
				CLANG_WARN_QUOTED_INCLUDE_IN_FRAMEWORK_HEADER = YES;
				CLANG_WARN_RANGE_LOOP_ANALYSIS = YES;
				CLANG_WARN_STRICT_PROTOTYPES = YES;
				CLANG_WARN_SUSPICIOUS_MOVE = YES;
				CLANG_WARN_UNGUARDED_AVAILABILITY = YES_AGGRESSIVE;
				CLANG_WARN_UNREACHABLE_CODE = YES;
				CLANG_WARN__DUPLICATE_METHOD_MATCH = YES;
				COPY_PHASE_STRIP = NO;
				DEBUG_INFORMATION_FORMAT = dwarf;
				ENABLE_STRICT_OBJC_MSGSEND = YES;
				ENABLE_TESTABILITY = YES;
				ENABLE_USER_SCRIPT_SANDBOXING = YES;
				GCC_C_LANGUAGE_STANDARD = gnu17;
				GCC_DYNAMIC_NO_PIC = NO;
				GCC_NO_COMMON_BLOCKS = YES;
				GCC_OPTIMIZATION_LEVEL = 0;
				GCC_PREPROCESSOR_DEFINITIONS = (
					"DEBUG=1",
					"$(inherited)",
				);
				GCC_WARN_64_TO_32_BIT_CONVERSION = YES;
				GCC_WARN_ABOUT_RETURN_TYPE = YES_ERROR;
				GCC_WARN_UNDECLARED_SELECTOR = YES;
				GCC_WARN_UNINITIALIZED_AUTOS = YES_AGGRESSIVE;
				GCC_WARN_UNUSED_FUNCTION = YES;
				GCC_WARN_UNUSED_VARIABLE = YES;
				IPHONEOS_DEPLOYMENT_TARGET = 17.0;
				LOCALIZATION_PREFERS_STRING_CATALOGS = YES;
				MTL_ENABLE_DEBUG_INFO = INCLUDE_SOURCE;
				MTL_FAST_MATH = YES;
				ONLY_ACTIVE_ARCH = YES;
				SDKROOT = iphoneos;
				SWIFT_ACTIVE_COMPILATION_CONDITIONS = "DEBUG $(inherited)";
				SWIFT_OPTIMIZATION_LEVEL = "-Onone";
			};
			name = Debug;
		};
		218A82262C798CB40096A0F1 /* Release */ = {
			isa = XCBuildConfiguration;
			buildSettings = {
				ALWAYS_SEARCH_USER_PATHS = NO;
				ASSETCATALOG_COMPILER_GENERATE_SWIFT_ASSET_SYMBOL_EXTENSIONS = YES;
				CLANG_ANALYZER_NONNULL = YES;
				CLANG_ANALYZER_NUMBER_OBJECT_CONVERSION = YES_AGGRESSIVE;
				CLANG_CXX_LANGUAGE_STANDARD = "gnu++20";
				CLANG_ENABLE_MODULES = YES;
				CLANG_ENABLE_OBJC_ARC = YES;
				CLANG_ENABLE_OBJC_WEAK = YES;
				CLANG_WARN_BLOCK_CAPTURE_AUTORELEASING = YES;
				CLANG_WARN_BOOL_CONVERSION = YES;
				CLANG_WARN_COMMA = YES;
				CLANG_WARN_CONSTANT_CONVERSION = YES;
				CLANG_WARN_DEPRECATED_OBJC_IMPLEMENTATIONS = YES;
				CLANG_WARN_DIRECT_OBJC_ISA_USAGE = YES_ERROR;
				CLANG_WARN_DOCUMENTATION_COMMENTS = YES;
				CLANG_WARN_EMPTY_BODY = YES;
				CLANG_WARN_ENUM_CONVERSION = YES;
				CLANG_WARN_INFINITE_RECURSION = YES;
				CLANG_WARN_INT_CONVERSION = YES;
				CLANG_WARN_NON_LITERAL_NULL_CONVERSION = YES;
				CLANG_WARN_OBJC_IMPLICIT_RETAIN_SELF = YES;
				CLANG_WARN_OBJC_LITERAL_CONVERSION = YES;
				CLANG_WARN_OBJC_ROOT_CLASS = YES_ERROR;
				CLANG_WARN_QUOTED_INCLUDE_IN_FRAMEWORK_HEADER = YES;
				CLANG_WARN_RANGE_LOOP_ANALYSIS = YES;
				CLANG_WARN_STRICT_PROTOTYPES = YES;
				CLANG_WARN_SUSPICIOUS_MOVE = YES;
				CLANG_WARN_UNGUARDED_AVAILABILITY = YES_AGGRESSIVE;
				CLANG_WARN_UNREACHABLE_CODE = YES;
				CLANG_WARN__DUPLICATE_METHOD_MATCH = YES;
				COPY_PHASE_STRIP = NO;
				DEBUG_INFORMATION_FORMAT = "dwarf-with-dsym";
				ENABLE_NS_ASSERTIONS = NO;
				ENABLE_STRICT_OBJC_MSGSEND = YES;
				ENABLE_USER_SCRIPT_SANDBOXING = YES;
				GCC_C_LANGUAGE_STANDARD = gnu17;
				GCC_NO_COMMON_BLOCKS = YES;
				GCC_WARN_64_TO_32_BIT_CONVERSION = YES;
				GCC_WARN_ABOUT_RETURN_TYPE = YES_ERROR;
				GCC_WARN_UNDECLARED_SELECTOR = YES;
				GCC_WARN_UNINITIALIZED_AUTOS = YES_AGGRESSIVE;
				GCC_WARN_UNUSED_FUNCTION = YES;
				GCC_WARN_UNUSED_VARIABLE = YES;
				IPHONEOS_DEPLOYMENT_TARGET = 17.0;
				LOCALIZATION_PREFERS_STRING_CATALOGS = YES;
				MTL_ENABLE_DEBUG_INFO = NO;
				MTL_FAST_MATH = YES;
				SDKROOT = iphoneos;
				SWIFT_COMPILATION_MODE = wholemodule;
				VALIDATE_PRODUCT = YES;
			};
			name = Release;
		};
		218A82282C798CB40096A0F1 /* Debug */ = {
			isa = XCBuildConfiguration;
			buildSettings = {
				ASSETCATALOG_COMPILER_APPICON_NAME = AppIcon;
				ASSETCATALOG_COMPILER_GLOBAL_ACCENT_COLOR_NAME = AccentColor;
				CODE_SIGN_STYLE = Automatic;
				CURRENT_PROJECT_VERSION = 1;
				DEVELOPMENT_ASSET_PATHS = "\"currentTimeSwiftUI/Preview Content\"";
				ENABLE_PREVIEWS = YES;
				GENERATE_INFOPLIST_FILE = YES;
				INFOPLIST_FILE = currentTimeSwiftUI/Info.plist;
				INFOPLIST_KEY_UIApplicationSceneManifest_Generation = YES;
				INFOPLIST_KEY_UIApplicationSupportsIndirectInputEvents = YES;
				INFOPLIST_KEY_UILaunchScreen_Generation = YES;
				INFOPLIST_KEY_UISupportedInterfaceOrientations_iPad = "UIInterfaceOrientationPortrait UIInterfaceOrientationPortraitUpsideDown UIInterfaceOrientationLandscapeLeft UIInterfaceOrientationLandscapeRight";
				INFOPLIST_KEY_UISupportedInterfaceOrientations_iPhone = "UIInterfaceOrientationPortrait UIInterfaceOrientationLandscapeLeft UIInterfaceOrientationLandscapeRight";
				LD_RUNPATH_SEARCH_PATHS = (
					"$(inherited)",
					"@executable_path/Frameworks",
				);
				MARKETING_VERSION = 1.0;
				PRODUCT_BUNDLE_IDENTIFIER = nishanvibikavi.currentTimeSwiftUI;
				PRODUCT_NAME = "$(TARGET_NAME)";
				SWIFT_EMIT_LOC_STRINGS = YES;
				SWIFT_VERSION = 5.0;
				TARGETED_DEVICE_FAMILY = "1,2";
			};
			name = Debug;
		};
		218A82292C798CB40096A0F1 /* Release */ = {
			isa = XCBuildConfiguration;
			buildSettings = {
				ASSETCATALOG_COMPILER_APPICON_NAME = AppIcon;
				ASSETCATALOG_COMPILER_GLOBAL_ACCENT_COLOR_NAME = AccentColor;
				CODE_SIGN_STYLE = Automatic;
				CURRENT_PROJECT_VERSION = 1;
				DEVELOPMENT_ASSET_PATHS = "\"currentTimeSwiftUI/Preview Content\"";
				ENABLE_PREVIEWS = YES;
				GENERATE_INFOPLIST_FILE = YES;
				INFOPLIST_FILE = currentTimeSwiftUI/Info.plist;
				INFOPLIST_KEY_UIApplicationSceneManifest_Generation = YES;
				INFOPLIST_KEY_UIApplicationSupportsIndirectInputEvents = YES;
				INFOPLIST_KEY_UILaunchScreen_Generation = YES;
				INFOPLIST_KEY_UISupportedInterfaceOrientations_iPad = "UIInterfaceOrientationPortrait UIInterfaceOrientationPortraitUpsideDown UIInterfaceOrientationLandscapeLeft UIInterfaceOrientationLandscapeRight";
				INFOPLIST_KEY_UISupportedInterfaceOrientations_iPhone = "UIInterfaceOrientationPortrait UIInterfaceOrientationLandscapeLeft UIInterfaceOrientationLandscapeRight";
				LD_RUNPATH_SEARCH_PATHS = (
					"$(inherited)",
					"@executable_path/Frameworks",
				);
				MARKETING_VERSION = 1.0;
				PRODUCT_BUNDLE_IDENTIFIER = nishanvibikavi.currentTimeSwiftUI;
				PRODUCT_NAME = "$(TARGET_NAME)";
				SWIFT_EMIT_LOC_STRINGS = YES;
				SWIFT_VERSION = 5.0;
				TARGETED_DEVICE_FAMILY = "1,2";
			};
			name = Release;
		};
		218A822B2C798CB40096A0F1 /* Debug */ = {
			isa = XCBuildConfiguration;
			buildSettings = {
				ALWAYS_EMBED_SWIFT_STANDARD_LIBRARIES = YES;
				BUNDLE_LOADER = "$(TEST_HOST)";
				CODE_SIGN_STYLE = Automatic;
				CURRENT_PROJECT_VERSION = 1;
				GENERATE_INFOPLIST_FILE = YES;
				IPHONEOS_DEPLOYMENT_TARGET = 17.0;
				MARKETING_VERSION = 1.0;
				PRODUCT_BUNDLE_IDENTIFIER = nishanvibikavi.currentTimeSwiftUITests;
				PRODUCT_NAME = "$(TARGET_NAME)";
				SWIFT_EMIT_LOC_STRINGS = NO;
				SWIFT_VERSION = 5.0;
				TARGETED_DEVICE_FAMILY = "1,2";
				TEST_HOST = "$(BUILT_PRODUCTS_DIR)/currentTimeSwiftUI.app/$(BUNDLE_EXECUTABLE_FOLDER_PATH)/currentTimeSwiftUI";
			};
			name = Debug;
		};
		218A822C2C798CB40096A0F1 /* Release */ = {
			isa = XCBuildConfiguration;
			buildSettings = {
				ALWAYS_EMBED_SWIFT_STANDARD_LIBRARIES = YES;
				BUNDLE_LOADER = "$(TEST_HOST)";
				CODE_SIGN_STYLE = Automatic;
				CURRENT_PROJECT_VERSION = 1;
				GENERATE_INFOPLIST_FILE = YES;
				IPHONEOS_DEPLOYMENT_TARGET = 17.0;
				MARKETING_VERSION = 1.0;
				PRODUCT_BUNDLE_IDENTIFIER = nishanvibikavi.currentTimeSwiftUITests;
				PRODUCT_NAME = "$(TARGET_NAME)";
				SWIFT_EMIT_LOC_STRINGS = NO;
				SWIFT_VERSION = 5.0;
				TARGETED_DEVICE_FAMILY = "1,2";
				TEST_HOST = "$(BUILT_PRODUCTS_DIR)/currentTimeSwiftUI.app/$(BUNDLE_EXECUTABLE_FOLDER_PATH)/currentTimeSwiftUI";
			};
			name = Release;
		};
		218A822E2C798CB40096A0F1 /* Debug */ = {
			isa = XCBuildConfiguration;
			buildSettings = {
				ALWAYS_EMBED_SWIFT_STANDARD_LIBRARIES = YES;
				CODE_SIGN_STYLE = Automatic;
				CURRENT_PROJECT_VERSION = 1;
				GENERATE_INFOPLIST_FILE = YES;
				MARKETING_VERSION = 1.0;
				PRODUCT_BUNDLE_IDENTIFIER = nishanvibikavi.currentTimeSwiftUIUITests;
				PRODUCT_NAME = "$(TARGET_NAME)";
				SWIFT_EMIT_LOC_STRINGS = NO;
				SWIFT_VERSION = 5.0;
				TARGETED_DEVICE_FAMILY = "1,2";
				TEST_TARGET_NAME = currentTimeSwiftUI;
			};
			name = Debug;
		};
		218A822F2C798CB40096A0F1 /* Release */ = {
			isa = XCBuildConfiguration;
			buildSettings = {
				ALWAYS_EMBED_SWIFT_STANDARD_LIBRARIES = YES;
				CODE_SIGN_STYLE = Automatic;
				CURRENT_PROJECT_VERSION = 1;
				GENERATE_INFOPLIST_FILE = YES;
				MARKETING_VERSION = 1.0;
				PRODUCT_BUNDLE_IDENTIFIER = nishanvibikavi.currentTimeSwiftUIUITests;
				PRODUCT_NAME = "$(TARGET_NAME)";
				SWIFT_EMIT_LOC_STRINGS = NO;
				SWIFT_VERSION = 5.0;
				TARGETED_DEVICE_FAMILY = "1,2";
				TEST_TARGET_NAME = currentTimeSwiftUI;
			};
			name = Release;
		};
/* End XCBuildConfiguration section */

/* Begin XCConfigurationList section */
		218A81FE2C798CB10096A0F1 /* Build configuration list for PBXProject "currentTimeSwiftUI" */ = {
			isa = XCConfigurationList;
			buildConfigurations = (
				218A82252C798CB40096A0F1 /* Debug */,
				218A82262C798CB40096A0F1 /* Release */,
			);
			defaultConfigurationIsVisible = 0;
			defaultConfigurationName = Release;
		};
		218A82272C798CB40096A0F1 /* Build configuration list for PBXNativeTarget "currentTimeSwiftUI" */ = {
			isa = XCConfigurationList;
			buildConfigurations = (
				218A82282C798CB40096A0F1 /* Debug */,
				218A82292C798CB40096A0F1 /* Release */,
			);
			defaultConfigurationIsVisible = 0;
			defaultConfigurationName = Release;
		};
		218A822A2C798CB40096A0F1 /* Build configuration list for PBXNativeTarget "currentTimeSwiftUITests" */ = {
			isa = XCConfigurationList;
			buildConfigurations = (
				218A822B2C798CB40096A0F1 /* Debug */,
				218A822C2C798CB40096A0F1 /* Release */,
			);
			defaultConfigurationIsVisible = 0;
			defaultConfigurationName = Release;
		};
		218A822D2C798CB40096A0F1 /* Build configuration list for PBXNativeTarget "currentTimeSwiftUIUITests" */ = {
			isa = XCConfigurationList;
			buildConfigurations = (
				218A822E2C798CB40096A0F1 /* Debug */,
				218A822F2C798CB40096A0F1 /* Release */,
			);
			defaultConfigurationIsVisible = 0;
			defaultConfigurationName = Release;
		};
/* End XCConfigurationList section */
	};
	rootObject = 218A81FB2C798CB10096A0F1 /* Project object */;
}
